{
  "lockfile_version": "1",
  "packages": {
    "github:NixOS/nixpkgs/nixpkgs-unstable": {
      "last_modified": "2026-06-23T00:43:55Z",
      "resolved": "github:NixOS/nixpkgs/89570f24e97e614aa34aa9ab1c927b6578a43775?lastModified=1782175435&narHash=sha256-EMzXKmnOtBQ2MnvpiNOm7E%2BkOMvdPrIKaeg52Tip2Uk%3D"
    },
    "uv@latest": {
      "last_modified": "2026-06-28T17:12:19Z",
      "resolved": "github:NixOS/nixpkgs/534ee3d8beb1737b5342995f8837e2b2705ce0d8#uv",
      "source": "devbox-search",
      "version": "0.11.25",
      "systems": {
        "aarch64-darwin": {
          "outputs": [
            {
              "name": "out",
              "path": "/nix/store/f0kyi2i8xrfx7i405n5qy97kr0y5b2wv-uv-0.11.25",
              "default": true
            }
          ],
          "store_path": "/nix/store/f0kyi2i8xrfx7i405n5qy97kr0y5b2wv-uv-0.11.25"
        },
        "aarch64-linux": {
          "outputs": [
            {
              "name": "out",
              "path": "/nix/store/8qd81vygrwkvp8ndg3ihj9wq3pl97hfd-uv-0.11.25",
              "default": true
            }
          ],
          "store_path": "/nix/store/8qd81vygrwkvp8ndg3ihj9wq3pl97hfd-uv-0.11.25"
        },
        "x86_64-darwin": {
          "outputs": [
            {
              "name": "out",
              "path": "/nix/store/z4dcs3l0khfc2hky62bhy6v45lmysdvz-uv-0.11.25",
              "default": true
            }
          ],
          "store_path": "/nix/store/z4dcs3l0khfc2hky62bhy6v45lmysdvz-uv-0.11.25"
        },
        "x86_64-linux": {
          "outputs": [
            {
              "name": "out",
              "path": "/nix/store/cgvijxnmydknslkl368k4j4j43akvl8b-uv-0.11.25",
              "default": true
            }
          ],
          "store_path": "/nix/store/cgvijxnmydknslkl368k4j4j43akvl8b-uv-0.11.25"
        }
      }
    }
  }
}
